dependencies:
  espressif/esp-zboss-lib:
    component_hash: d17cf80d4ea0afd360b9492bd2f4c93046768e80f385971fbf9b53fabf4236b3
    source:
      service_url: https://api.components.espressif.com/
      type: service
    version: 1.0.6
  espressif/esp-zigbee-lib:
    component_hash: e7301c1cb0131eea9bd05b956a217c30307035b7abf05cb07ec4b43fec02e8f4
    source:
      service_url: https://api.components.espressif.com/
      type: service
    version: 1.0.6
  espressif/led_strip:
    component_hash: 7e92a0c8a2e35b40904f88e88ce3c0dffff504a2763f70fba7ef4787cf2eec83
    source:
      service_url: https://api.components.espressif.com/
      type: service
    version: 2.0.0
  idf:
    component_hash: null
    source:
      type: idf
    version: 5.1.2
manifest_hash: c22e41b350344a4ab48b7ec6844647d5327fb484bf192ecae5c0e7f289e1232d
target: esp32h2
version: 1.0.0
